
Microsoft Visual Studio Solution File, Format Version 12.00
# Visual Studio Version 17
VisualStudioVersion = 17.0.31903.59
MinimumVisualStudioVersion = 10.0.40219.1
Project("{FAE04EC0-301F-11D3-BF4B-00C04F79EFBC}") = "SkyBooker.FlightService.Tests", "SkyBooker.FlightService.Tests\SkyBooker.FlightService.Tests.csproj", "{090ABE6D-049E-465B-AF57-78B77FCBE867}"
EndProject
Project("{FAE04EC0-301F-11D3-BF4B-00C04F79EFBC}") = "SkyBooker.AuthService.Tests", "SkyBooker.AuthService.Tests\SkyBooker.AuthService.Tests.csproj", "{4513032F-741F-4350-9D9D-82A485970647}"
EndProject
Global
	GlobalSection(SolutionConfigurationPlatforms) = preSolution
		Debug|Any CPU = Debug|Any CPU
		Debug|x64 = Debug|x64
		Debug|x86 = Debug|x86
		Release|Any CPU = Release|Any CPU
		Release|x64 = Release|x64
		Release|x86 = Release|x86
	EndGlobalSection
	GlobalSection(ProjectConfigurationPlatforms) = postSolution
		{090ABE6D-049E-465B-AF57-78B77FCBE867}.Debug|Any CPU.ActiveCfg = Debug|Any CPU
		{090ABE6D-049E-465B-AF57-78B77FCBE867}.Debug|Any CPU.Build.0 = Debug|Any CPU
		{090ABE6D-049E-465B-AF57-78B77FCBE867}.Debug|x64.ActiveCfg = Debug|Any CPU
		{090ABE6D-049E-465B-AF57-78B77FCBE867}.Debug|x64.Build.0 = Debug|Any CPU
		{090ABE6D-049E-465B-AF57-78B77FCBE867}.Debug|x86.ActiveCfg = Debug|Any CPU
		{090ABE6D-049E-465B-AF57-78B77FCBE867}.Debug|x86.Build.0 = Debug|Any CPU
		{090ABE6D-049E-465B-AF57-78B77FCBE867}.Release|Any CPU.ActiveCfg = Release|Any CPU
		{090ABE6D-049E-465B-AF57-78B77FCBE867}.Release|Any CPU.Build.0 = Release|Any CPU
		{090ABE6D-049E-465B-AF57-78B77FCBE867}.Release|x64.ActiveCfg = Release|Any CPU
		{090ABE6D-049E-465B-AF57-78B77FCBE867}.Release|x64.Build.0 = Release|Any CPU
		{090ABE6D-049E-465B-AF57-78B77FCBE867}.Release|x86.ActiveCfg = Release|Any CPU
		{090ABE6D-049E-465B-AF57-78B77FCBE867}.Release|x86.Build.0 = Release|Any CPU
		{4513032F-741F-4350-9D9D-82A485970647}.Debug|Any CPU.ActiveCfg = Debug|Any CPU
		{4513032F-741F-4350-9D9D-82A485970647}.Debug|Any CPU.Build.0 = Debug|Any CPU
		{4513032F-741F-4350-9D9D-82A485970647}.Debug|x64.ActiveCfg = Debug|Any CPU
		{4513032F-741F-4350-9D9D-82A485970647}.Debug|x64.Build.0 = Debug|Any CPU
		{4513032F-741F-4350-9D9D-82A485970647}.Debug|x86.ActiveCfg = Debug|Any CPU
		{4513032F-741F-4350-9D9D-82A485970647}.Debug|x86.Build.0 = Debug|Any CPU
		{4513032F-741F-4350-9D9D-82A485970647}.Release|Any CPU.ActiveCfg = Release|Any CPU
		{4513032F-741F-4350-9D9D-82A485970647}.Release|Any CPU.Build.0 = Release|Any CPU
		{4513032F-741F-4350-9D9D-82A485970647}.Release|x64.ActiveCfg = Release|Any CPU
		{4513032F-741F-4350-9D9D-82A485970647}.Release|x64.Build.0 = Release|Any CPU
		{4513032F-741F-4350-9D9D-82A485970647}.Release|x86.ActiveCfg = Release|Any CPU
		{4513032F-741F-4350-9D9D-82A485970647}.Release|x86.Build.0 = Release|Any CPU
	EndGlobalSection
	GlobalSection(SolutionProperties) = preSolution
		HideSolutionNode = FALSE
	EndGlobalSection
EndGlobal
